
Microsoft Visual Studio Solution File, Format Version 11.00
# Visual Studio 2010
Project("{FAE04EC0-301F-11D3-BF4B-00C04F79EFBC}") = "lanchonete", "lanchonete\lanchonete.csproj", "{FADAFB60-1B62-4352-BCDF-CEC9D18EE91F}"
EndProject
Global
	GlobalSection(SolutionConfigurationPlatforms) = preSolution
		Debug|x86 = Debug|x86
		Release|x86 = Release|x86
	EndGlobalSection
	GlobalSection(ProjectConfigurationPlatforms) = postSolution
		{FADAFB60-1B62-4352-BCDF-CEC9D18EE91F}.Debug|x86.ActiveCfg = Debug|x86
		{FADAFB60-1B62-4352-BCDF-CEC9D18EE91F}.Debug|x86.Build.0 = Debug|x86
		{FADAFB60-1B62-4352-BCDF-CEC9D18EE91F}.Release|x86.ActiveCfg = Release|x86
		{FADAFB60-1B62-4352-BCDF-CEC9D18EE91F}.Release|x86.Build.0 = Release|x86
	EndGlobalSection
	GlobalSection(SolutionProperties) = preSolution
		HideSolutionNode = FALSE
	EndGlobalSection
EndGlobal
